// !$*UTF8*$!
{
	archiveVersion = 1;
	classes = {
	};
	objectVersion = 50;
	objects = {

/* Begin PBXBuildFile section */
		14745F95BDA7379F9D7C1776 /* Pods_VKHImageViewerExample.framework in Frameworks */ = {isa = PBXBuildFile; fileRef = 29A750039688C0494680C1F4 /* Pods_VKHImageViewerExample.framework */; };
		F3196F8321E39349004E31C3 /* AppDelegate.swift in Sources */ = {isa = PBXBuildFile; fileRef = F3196F8221E39349004E31C3 /* AppDelegate.swift */; };
		F3196F8521E39349004E31C3 /* ViewController.swift in Sources */ = {isa = PBXBuildFile; fileRef = F3196F8421E39349004E31C3 /* ViewController.swift */; };
		F3196F8A21E3934A004E31C3 /* Assets.xcassets in Resources */ = {isa = PBXBuildFile; fileRef = F3196F8921E3934A004E31C3 /* Assets.xcassets */; };
		F3196F9821E394FA004E31C3 /* error-icon.png in Resources */ = {isa = PBXBuildFile; fileRef = F3196F9521E394FA004E31C3 /* error-icon.png */; };
		F3196F9921E394FA004E31C3 /* image1.jpg in Resources */ = {isa = PBXBuildFile; fileRef = F3196F9621E394FA004E31C3 /* image1.jpg */; };
		F3196F9A21E394FA004E31C3 /* image2.jpg in Resources */ = {isa = PBXBuildFile; fileRef = F3196F9721E394FA004E31C3 /* image2.jpg */; };
		F3196F9C21E39505004E31C3 /* Main.storyboard in Resources */ = {isa = PBXBuildFile; fileRef = F3196F9B21E39505004E31C3 /* Main.storyboard */; };
		F3196F9E21E3950D004E31C3 /* LaunchScreen.storyboard in Resources */ = {isa = PBXBuildFile; fileRef = F3196F9D21E3950D004E31C3 /* LaunchScreen.storyboard */; };
/* End PBXBuildFile section */

/* Begin PBXFileReference section */
		29A750039688C0494680C1F4 /* Pods_VKHImageViewerExample.framework */ = {isa = PBXFileReference; explicitFileType = wrapper.framework; includeInIndex = 0; path = Pods_VKHImageViewerExample.framework; sourceTree = BUILT_PRODUCTS_DIR; };
		50CA68D06A7D150F15443665 /* Pods-VKHImageViewerExample.debug.xcconfig */ = {isa = PBXFileReference; includeInIndex = 1; lastKnownFileType = text.xcconfig; name = "Pods-VKHImageViewerExample.debug.xcconfig"; path = "Pods/Target Support Files/Pods-VKHImageViewerExample/Pods-VKHImageViewerExample.debug.xcconfig"; sourceTree = "<group>"; };
		69EB67DB0DD680F62453D9EA /* Pods-VKHImageViewerExample.release.xcconfig */ = {isa = PBXFileReference; includeInIndex = 1; lastKnownFileType = text.xcconfig; name = "Pods-VKHImageViewerExample.release.xcconfig"; path = "Pods/Target Support Files/Pods-VKHImageViewerExample/Pods-VKHImageViewerExample.release.xcconfig"; sourceTree = "<group>"; };
		F3196F7F21E39349004E31C3 /* VKHImageViewerExample.app */ = {isa = PBXFileReference; explicitFileType = wrapper.application; includeInIndex = 0; path = VKHImageViewerExample.app; sourceTree = BUILT_PRODUCTS_DIR; };
		F3196F8221E39349004E31C3 /* AppDelegate.swift */ = {isa = PBXFileReference; lastKnownFileType = sourcecode.swift; path = AppDelegate.swift; sourceTree = "<group>"; };
		F3196F8421E39349004E31C3 /* ViewController.swift */ = {isa = PBXFileReference; lastKnownFileType = sourcecode.swift; path = ViewController.swift; sourceTree = "<group>"; };
		F3196F8921E3934A004E31C3 /* Assets.xcassets */ = {isa = PBXFileReference; lastKnownFileType = folder.assetcatalog; path = Assets.xcassets; sourceTree = "<group>"; };
		F3196F8E21E3934A004E31C3 /* Info.plist */ = {isa = PBXFileReference; lastKnownFileType = text.plist.xml; path = Info.plist; sourceTree = "<group>"; };
		F3196F9521E394FA004E31C3 /* error-icon.png */ = {isa = PBXFileReference; lastKnownFileType = image.png; path = "error-icon.png"; sourceTree = "<group>"; };
		F3196F9621E394FA004E31C3 /* image1.jpg */ = {isa = PBXFileReference; lastKnownFileType = image.jpeg; path = image1.jpg; sourceTree = "<group>"; };
		F3196F9721E394FA004E31C3 /* image2.jpg */ = {isa = PBXFileReference; lastKnownFileType = image.jpeg; path = image2.jpg; sourceTree = "<group>"; };
		F3196F9B21E39505004E31C3 /* Main.storyboard */ = {isa = PBXFileReference; fileEncoding = 4; lastKnownFileType = file.storyboard; path = Main.storyboard; sourceTree = "<group>"; };
		F3196F9D21E3950D004E31C3 /* LaunchScreen.storyboard */ = {isa = PBXFileReference; fileEncoding = 4; lastKnownFileType = file.storyboard; path = LaunchScreen.storyboard; sourceTree = "<group>"; };
/* End PBXFileReference section */

/* Begin PBXFrameworksBuildPhase section */
		F3196F7C21E39349004E31C3 /* Frameworks */ = {
			isa = PBXFrameworksBuildPhase;
			buildActionMask = 2147483647;
			files = (
				14745F95BDA7379F9D7C1776 /* Pods_VKHImageViewerExample.framework in Frameworks */,
			);
			runOnlyForDeploymentPostprocessing = 0;
		};
/* End PBXFrameworksBuildPhase section */

/* Begin PBXGroup section */
		02A7B923E8D3EEE8B59A11FA /* Pods */ = {
			isa = PBXGroup;
			children = (
				50CA68D06A7D150F15443665 /* Pods-VKHImageViewerExample.debug.xcconfig */,
				69EB67DB0DD680F62453D9EA /* Pods-VKHImageViewerExample.release.xcconfig */,
			);
			name = Pods;
			sourceTree = "<group>";
		};
		D5641AC9FD7FD6F7BC0A6F1C /* Frameworks */ = {
			isa = PBXGroup;
			children = (
				29A750039688C0494680C1F4 /* Pods_VKHImageViewerExample.framework */,
			);
			name = Frameworks;
			sourceTree = "<group>";
		};
		F3196F7621E39349004E31C3 = {
			isa = PBXGroup;
			children = (
				F3196F8121E39349004E31C3 /* VKHImageViewerExample */,
				F3196F8021E39349004E31C3 /* Products */,
				02A7B923E8D3EEE8B59A11FA /* Pods */,
				D5641AC9FD7FD6F7BC0A6F1C /* Frameworks */,
			);
			sourceTree = "<group>";
		};
		F3196F8021E39349004E31C3 /* Products */ = {
			isa = PBXGroup;
			children = (
				F3196F7F21E39349004E31C3 /* VKHImageViewerExample.app */,
			);
			name = Products;
			sourceTree = "<group>";
		};
		F3196F8121E39349004E31C3 /* VKHImageViewerExample */ = {
			isa = PBXGroup;
			children = (
				F3196F8221E39349004E31C3 /* AppDelegate.swift */,
				F350506A21E3A83100EAF1F3 /* Controllers */,
				F350506921E3A82400EAF1F3 /* Storyboards */,
				F3196F9421E394FA004E31C3 /* Images */,
				F3196F8921E3934A004E31C3 /* Assets.xcassets */,
				F3196F8E21E3934A004E31C3 /* Info.plist */,
			);
			path = VKHImageViewerExample;
			sourceTree = "<group>";
		};
		F3196F9421E394FA004E31C3 /* Images */ = {
			isa = PBXGroup;
			children = (
				F3196F9521E394FA004E31C3 /* error-icon.png */,
				F3196F9621E394FA004E31C3 /* image1.jpg */,
				F3196F9721E394FA004E31C3 /* image2.jpg */,
			);
			path = Images;
			sourceTree = "<group>";
		};
		F350506921E3A82400EAF1F3 /* Storyboards */ = {
			isa = PBXGroup;
			children = (
				F3196F9D21E3950D004E31C3 /* LaunchScreen.storyboard */,
				F3196F9B21E39505004E31C3 /* Main.storyboard */,
			);
			path = Storyboards;
			sourceTree = "<group>";
		};
		F350506A21E3A83100EAF1F3 /* Controllers */ = {
			isa = PBXGroup;
			children = (
				F3196F8421E39349004E31C3 /* ViewController.swift */,
			);
			path = Controllers;
			sourceTree = "<group>";
		};
/* End PBXGroup section */

/* Begin PBXNativeTarget section */
		F3196F7E21E39349004E31C3 /* VKHImageViewerExample */ = {
			isa = PBXNativeTarget;
			buildConfigurationList = F3196F9121E3934A004E31C3 /* Build configuration list for PBXNativeTarget "VKHImageViewerExample" */;
			buildPhases = (
				AB5763B0D300B92999511C17 /* [CP] Check Pods Manifest.lock */,
				F3196F7B21E39349004E31C3 /* Sources */,
				F3196F7C21E39349004E31C3 /* Frameworks */,
				F3196F7D21E39349004E31C3 /* Resources */,
				137FBA47CF83C644A5E0C0DB /* [CP] Embed Pods Frameworks */,
			);
			buildRules = (
			);
			dependencies = (
			);
			name = VKHImageViewerExample;
			productName = VKHImageViewerExample;
			productReference = F3196F7F21E39349004E31C3 /* VKHImageViewerExample.app */;
			productType = "com.apple.product-type.application";
		};
/* End PBXNativeTarget section */

/* Begin PBXProject section */
		F3196F7721E39349004E31C3 /* Project object */ = {
			isa = PBXProject;
			attributes = {
				LastSwiftUpdateCheck = 1010;
				LastUpgradeCheck = 1010;
				ORGANIZATIONNAME = "Vlad Khodiachiy";
				TargetAttributes = {
					F3196F7E21E39349004E31C3 = {
						CreatedOnToolsVersion = 10.1;
					};
				};
			};
			buildConfigurationList = F3196F7A21E39349004E31C3 /* Build configuration list for PBXProject "VKHImageViewerExample" */;
			compatibilityVersion = "Xcode 9.3";
			developmentRegion = en;
			hasScannedForEncodings = 0;
			knownRegions = (
				en,
				Base,
			);
			mainGroup = F3196F7621E39349004E31C3;
			productRefGroup = F3196F8021E39349004E31C3 /* Products */;
			projectDirPath = "";
			projectRoot = "";
			targets = (
				F3196F7E21E39349004E31C3 /* VKHImageViewerExample */,
			);
		};
/* End PBXProject section */

/* Begin PBXResourcesBuildPhase section */
		F3196F7D21E39349004E31C3 /* Resources */ = {
			isa = PBXResourcesBuildPhase;
			buildActionMask = 2147483647;
			files = (
				F3196F8A21E3934A004E31C3 /* Assets.xcassets in Resources */,
				F3196F9C21E39505004E31C3 /* Main.storyboard in Resources */,
				F3196F9821E394FA004E31C3 /* error-icon.png in Resources */,
				F3196F9E21E3950D004E31C3 /* LaunchScreen.storyboard in Resources */,
				F3196F9A21E394FA004E31C3 /* image2.jpg in Resources */,
				F3196F9921E394FA004E31C3 /* image1.jpg in Resources */,
			);
			runOnlyForDeploymentPostprocessing = 0;
		};
/* End PBXResourcesBuildPhase section */

/* Begin PBXShellScriptBuildPhase section */
		137FBA47CF83C644A5E0C0DB /* [CP] Embed Pods Frameworks */ = {
			isa = PBXShellScriptBuildPhase;
			buildActionMask = 2147483647;
			files = (
			);
			inputFileListPaths = (
			);
			inputPaths = (
				"${SRCROOT}/Pods/Target Support Files/Pods-VKHImageViewerExample/Pods-VKHImageViewerExample-frameworks.sh",
				"${BUILT_PRODUCTS_DIR}/VKHImageViewer/VKHImageViewer.framework",
			);
			name = "[CP] Embed Pods Frameworks";
			outputFileListPaths = (
			);
			outputPaths = (
				"${TARGET_BUILD_DIR}/${FRAMEWORKS_FOLDER_PATH}/VKHImageViewer.framework",
			);
			runOnlyForDeploymentPostprocessing = 0;
			shellPath = /bin/sh;
			shellScript = "\"${SRCROOT}/Pods/Target Support Files/Pods-VKHImageViewerExample/Pods-VKHImageViewerExample-frameworks.sh\"\n";
			showEnvVarsInLog = 0;
		};
		AB5763B0D300B92999511C17 /* [CP] Check Pods Manifest.lock */ = {
			isa = PBXShellScriptBuildPhase;
			buildActionMask = 2147483647;
			files = (
			);
			inputFileListPaths = (
			);
			inputPaths = (
				"${PODS_PODFILE_DIR_PATH}/Podfile.lock",
				"${PODS_ROOT}/Manifest.lock",
			);
			name = "[CP] Check Pods Manifest.lock";
			outputFileListPaths = (
			);
			outputPaths = (
				"$(DERIVED_FILE_DIR)/Pods-VKHImageViewerExample-checkManifestLockResult.txt",
			);
			runOnlyForDeploymentPostprocessing = 0;
			shellPath = /bin/sh;
			shellScript = "diff \"${PODS_PODFILE_DIR_PATH}/Podfile.lock\" \"${PODS_ROOT}/Manifest.lock\" > /dev/null\nif [ $? != 0 ] ; then\n    # print error to STDERR\n    echo \"error: The sandbox is not in sync with the Podfile.lock. Run 'pod install' or update your CocoaPods installation.\" >&2\n    exit 1\nfi\n# This output is used by Xcode 'outputs' to avoid re-running this script phase.\necho \"SUCCESS\" > \"${SCRIPT_OUTPUT_FILE_0}\"\n";
			showEnvVarsInLog = 0;
		};
/* End PBXShellScriptBuildPhase section */

/* Begin PBXSourcesBuildPhase section */
		F3196F7B21E39349004E31C3 /* Sources */ = {
			isa = PBXSourcesBuildPhase;
			buildActionMask = 2147483647;
			files = (
				F3196F8521E39349004E31C3 /* ViewController.swift in Sources */,
				F3196F8321E39349004E31C3 /* AppDelegate.swift in Sources */,
			);
			runOnlyForDeploymentPostprocessing = 0;
		};
/* End PBXSourcesBuildPhase section */

/* Begin XCBuildConfiguration section */
		F3196F8F21E3934A004E31C3 /* Debug */ = {
			isa = XCBuildConfiguration;
			buildSettings = {
				ALWAYS_SEARCH_USER_PATHS = NO;
				CLANG_ANALYZER_NONNULL = YES;
				CLANG_ANALYZER_NUMBER_OBJECT_CONVERSION = YES_AGGRESSIVE;
				CLANG_CXX_LANGUAGE_STANDARD = "gnu++14";
				CLANG_CXX_LIBRARY = "libc++";
				CLANG_ENABLE_MODULES = YES;
				CLANG_ENABLE_OBJC_ARC = YES;
				CLANG_ENABLE_OBJC_WEAK = YES;
				CLANG_WARN_BLOCK_CAPTURE_AUTORELEASING = YES;
				CLANG_WARN_BOOL_CONVERSION = YES;
				CLANG_WARN_COMMA = YES;
				CLANG_WARN_CONSTANT_CONVERSION = YES;
				CLANG_WARN_DEPRECATED_OBJC_IMPLEMENTATIONS = YES;
				CLANG_WARN_DIRECT_OBJC_ISA_USAGE = YES_ERROR;
				CLANG_WARN_DOCUMENTATION_COMMENTS = YES;
				CLANG_WARN_EMPTY_BODY = YES;
				CLANG_WARN_ENUM_CONVERSION = YES;
				CLANG_WARN_INFINITE_RECURSION = YES;
				CLANG_WARN_INT_CONVERSION = YES;
				CLANG_WARN_NON_LITERAL_NULL_CONVERSION = YES;
				CLANG_WARN_OBJC_IMPLICIT_RETAIN_SELF = YES;
				CLANG_WARN_OBJC_LITERAL_CONVERSION = YES;
				CLANG_WARN_OBJC_ROOT_CLASS = YES_ERROR;
				CLANG_WARN_RANGE_LOOP_ANALYSIS = YES;
				CLANG_WARN_STRICT_PROTOTYPES = YES;
				CLANG_WARN_SUSPICIOUS_MOVE = YES;
				CLANG_WARN_UNGUARDED_AVAILABILITY = YES_AGGRESSIVE;
				CLANG_WARN_UNREACHABLE_CODE = YES;
				CLANG_WARN__DUPLICATE_METHOD_MATCH = YES;
				CODE_SIGN_IDENTITY = "iPhone Developer";
				COPY_PHASE_STRIP = NO;
				DEBUG_INFORMATION_FORMAT = dwarf;
				ENABLE_STRICT_OBJC_MSGSEND = YES;
				ENABLE_TESTABILITY = YES;
				GCC_C_LANGUAGE_STANDARD = gnu11;
				GCC_DYNAMIC_NO_PIC = NO;
				GCC_NO_COMMON_BLOCKS = YES;
				GCC_OPTIMIZATION_LEVEL = 0;
				GCC_PREPROCESSOR_DEFINITIONS = (
					"DEBUG=1",
					"$(inherited)",
				);
				GCC_WARN_64_TO_32_BIT_CONVERSION = YES;
				GCC_WARN_ABOUT_RETURN_TYPE = YES_ERROR;
				GCC_WARN_UNDECLARED_SELECTOR = YES;
				GCC_WARN_UNINITIALIZED_AUTOS = YES_AGGRESSIVE;
				GCC_WARN_UNUSED_FUNCTION = YES;
				GCC_WARN_UNUSED_VARIABLE = YES;
				IPHONEOS_DEPLOYMENT_TARGET = 12.1;
				MTL_ENABLE_DEBUG_INFO = INCLUDE_SOURCE;
				MTL_FAST_MATH = YES;
				ONLY_ACTIVE_ARCH = YES;
				SDKROOT = iphoneos;
				SWIFT_ACTIVE_COMPILATION_CONDITIONS = DEBUG;
				SWIFT_OPTIMIZATION_LEVEL = "-Onone";
			};
			name = Debug;
		};
		F3196F9021E3934A004E31C3 /* Release */ = {
			isa = XCBuildConfiguration;
			buildSettings = {
				ALWAYS_SEARCH_USER_PATHS = NO;
				CLANG_ANALYZER_NONNULL = YES;
				CLANG_ANALYZER_NUMBER_OBJECT_CONVERSION = YES_AGGRESSIVE;
				CLANG_CXX_LANGUAGE_STANDARD = "gnu++14";
				CLANG_CXX_LIBRARY = "libc++";
				CLANG_ENABLE_MODULES = YES;
				CLANG_ENABLE_OBJC_ARC = YES;
				CLANG_ENABLE_OBJC_WEAK = YES;
				CLANG_WARN_BLOCK_CAPTURE_AUTORELEASING = YES;
				CLANG_WARN_BOOL_CONVERSION = YES;
				CLANG_WARN_COMMA = YES;
				CLANG_WARN_CONSTANT_CONVERSION = YES;
				CLANG_WARN_DEPRECATED_OBJC_IMPLEMENTATIONS = YES;
				CLANG_WARN_DIRECT_OBJC_ISA_USAGE = YES_ERROR;
				CLANG_WARN_DOCUMENTATION_COMMENTS = YES;
				CLANG_WARN_EMPTY_BODY = YES;
				CLANG_WARN_ENUM_CONVERSION = YES;
				CLANG_WARN_INFINITE_RECURSION = YES;
				CLANG_WARN_INT_CONVERSION = YES;
				CLANG_WARN_NON_LITERAL_NULL_CONVERSION = YES;
				CLANG_WARN_OBJC_IMPLICIT_RETAIN_SELF = YES;
				CLANG_WARN_OBJC_LITERAL_CONVERSION = YES;
				CLANG_WARN_OBJC_ROOT_CLASS = YES_ERROR;
				CLANG_WARN_RANGE_LOOP_ANALYSIS = YES;
				CLANG_WARN_STRICT_PROTOTYPES = YES;
				CLANG_WARN_SUSPICIOUS_MOVE = YES;
				CLANG_WARN_UNGUARDED_AVAILABILITY = YES_AGGRESSIVE;
				CLANG_WARN_UNREACHABLE_CODE = YES;
				CLANG_WARN__DUPLICATE_METHOD_MATCH = YES;
				CODE_SIGN_IDENTITY = "iPhone Developer";
				COPY_PHASE_STRIP = NO;
				DEBUG_INFORMATION_FORMAT = "dwarf-with-dsym";
				ENABLE_NS_ASSERTIONS = NO;
				ENABLE_STRICT_OBJC_MSGSEND = YES;
				GCC_C_LANGUAGE_STANDARD = gnu11;
				GCC_NO_COMMON_BLOCKS = YES;
				GCC_WARN_64_TO_32_BIT_CONVERSION = YES;
				GCC_WARN_ABOUT_RETURN_TYPE = YES_ERROR;
				GCC_WARN_UNDECLARED_SELECTOR = YES;
				GCC_WARN_UNINITIALIZED_AUTOS = YES_AGGRESSIVE;
				GCC_WARN_UNUSED_FUNCTION = YES;
				GCC_WARN_UNUSED_VARIABLE = YES;
				IPHONEOS_DEPLOYMENT_TARGET = 12.1;
				MTL_ENABLE_DEBUG_INFO = NO;
				MTL_FAST_MATH = YES;
				SDKROOT = iphoneos;
				SWIFT_COMPILATION_MODE = wholemodule;
				SWIFT_OPTIMIZATION_LEVEL = "-O";
				VALIDATE_PRODUCT = YES;
			};
			name = Release;
		};
		F3196F9221E3934A004E31C3 /* Debug */ = {
			isa = XCBuildConfiguration;
			baseConfigurationReference = 50CA68D06A7D150F15443665 /* Pods-VKHImageViewerExample.debug.xcconfig */;
			buildSettings = {
				ASSETCATALOG_COMPILER_APPICON_NAME = AppIcon;
				CODE_SIGN_STYLE = Automatic;
				DEVELOPMENT_TEAM = 52H3V3P9VR;
				INFOPLIST_FILE = VKHImageViewerExample/Info.plist;
				IPHONEOS_DEPLOYMENT_TARGET = 10.3;
				LD_RUNPATH_SEARCH_PATHS = (
					"$(inherited)",
					"@executable_path/Frameworks",
				);
				PRODUCT_BUNDLE_IDENTIFIER = VKH.VKHImageViewerExample;
				PRODUCT_NAME = "$(TARGET_NAME)";
				SWIFT_VERSION = 4.2;
				TARGETED_DEVICE_FAMILY = "1,2";
			};
			name = Debug;
		};
		F3196F9321E3934A004E31C3 /* Release */ = {
			isa = XCBuildConfiguration;
			baseConfigurationReference = 69EB67DB0DD680F62453D9EA /* Pods-VKHImageViewerExample.release.xcconfig */;
			buildSettings = {
				ASSETCATALOG_COMPILER_APPICON_NAME = AppIcon;
				CODE_SIGN_STYLE = Automatic;
				DEVELOPMENT_TEAM = 52H3V3P9VR;
				INFOPLIST_FILE = VKHImageViewerExample/Info.plist;
				IPHONEOS_DEPLOYMENT_TARGET = 10.3;
				LD_RUNPATH_SEARCH_PATHS = (
					"$(inherited)",
					"@executable_path/Frameworks",
				);
				PRODUCT_BUNDLE_IDENTIFIER = VKH.VKHImageViewerExample;
				PRODUCT_NAME = "$(TARGET_NAME)";
				SWIFT_VERSION = 4.2;
				TARGETED_DEVICE_FAMILY = "1,2";
			};
			name = Release;
		};
/* End XCBuildConfiguration section */

/* Begin XCConfigurationList section */
		F3196F7A21E39349004E31C3 /* Build configuration list for PBXProject "VKHImageViewerExample" */ = {
			isa = XCConfigurationList;
			buildConfigurations = (
				F3196F8F21E3934A004E31C3 /* Debug */,
				F3196F9021E3934A004E31C3 /* Release */,
			);
			defaultConfigurationIsVisible = 0;
			defaultConfigurationName = Release;
		};
		F3196F9121E3934A004E31C3 /* Build configuration list for PBXNativeTarget "VKHImageViewerExample" */ = {
			isa = XCConfigurationList;
			buildConfigurations = (
				F3196F9221E3934A004E31C3 /* Debug */,
				F3196F9321E3934A004E31C3 /* Release */,
			);
			defaultConfigurationIsVisible = 0;
			defaultConfigurationName = Release;
		};
/* End XCConfigurationList section */
	};
	rootObject = F3196F7721E39349004E31C3 /* Project object */;
}
